// !$*UTF8*$!
{
	archiveVersion = 1;
	classes = {
	};
	objectVersion = 50;
	objects = {

/* Begin PBXBuildFile section */
		57F3638423045C5A00B00314 /* AppDelegate.swift in Sources */ = {isa = PBXBuildFile; fileRef = 57F3638323045C5A00B00314 /* AppDelegate.swift */; };
		57F3638623045C5A00B00314 /* Experience.rcproject in Sources */ = {isa = PBXBuildFile; fileRef = 57F3638523045C5A00B00314 /* Experience.rcproject */; };
		57F3638823045C5A00B00314 /* ContentView.swift in Sources */ = {isa = PBXBuildFile; fileRef = 57F3638723045C5A00B00314 /* ContentView.swift */; };
		57F3638A23045C5C00B00314 /* Assets.xcassets in Resources */ = {isa = PBXBuildFile; fileRef = 57F3638923045C5C00B00314 /* Assets.xcassets */; };
		57F3638D23045C5C00B00314 /* Preview Assets.xcassets in Resources */ = {isa = PBXBuildFile; fileRef = 57F3638C23045C5C00B00314 /* Preview Assets.xcassets */; };
		57F3639023045C5C00B00314 /* LaunchScreen.storyboard in Resources */ = {isa = PBXBuildFile; fileRef = 57F3638E23045C5C00B00314 /* LaunchScreen.storyboard */; };
/* End PBXBuildFile section */

/* Begin PBXFileReference section */
		57760D9D2304BC48006144CF /* DynamicAR.entitlements */ = {isa = PBXFileReference; lastKnownFileType = text.plist.entitlements; path = DynamicAR.entitlements; sourceTree = "<group>"; };
		57F3638023045C5A00B00314 /* DynamicAR.app */ = {isa = PBXFileReference; explicitFileType = wrapper.application; includeInIndex = 0; path = DynamicAR.app; sourceTree = BUILT_PRODUCTS_DIR; };
		57F3638323045C5A00B00314 /* AppDelegate.swift */ = {isa = PBXFileReference; lastKnownFileType = sourcecode.swift; path = AppDelegate.swift; sourceTree = "<group>"; };
		57F3638523045C5A00B00314 /* Experience.rcproject */ = {isa = PBXFileReference; lastKnownFileType = file.rcproject; path = Experience.rcproject; sourceTree = "<group>"; };
		57F3638723045C5A00B00314 /* ContentView.swift */ = {isa = PBXFileReference; lastKnownFileType = sourcecode.swift; path = ContentView.swift; sourceTree = "<group>"; };
		57F3638923045C5C00B00314 /* Assets.xcassets */ = {isa = PBXFileReference; lastKnownFileType = folder.assetcatalog; path = Assets.xcassets; sourceTree = "<group>"; };
		57F3638C23045C5C00B00314 /* Preview Assets.xcassets */ = {isa = PBXFileReference; lastKnownFileType = folder.assetcatalog; path = "Preview Assets.xcassets"; sourceTree = "<group>"; };
		57F3638F23045C5C00B00314 /* Base */ = {isa = PBXFileReference; lastKnownFileType = file.storyboard; name = Base; path = Base.lproj/LaunchScreen.storyboard; sourceTree = "<group>"; };
		57F3639123045C5C00B00314 /* Info.plist */ = {isa = PBXFileReference; lastKnownFileType = text.plist.xml; path = Info.plist; sourceTree = "<group>"; };
/* End PBXFileReference section */

/* Begin PBXFrameworksBuildPhase section */
		57F3637D23045C5A00B00314 /* Frameworks */ = {
			isa = PBXFrameworksBuildPhase;
			buildActionMask = 2147483647;
			files = (
			);
			runOnlyForDeploymentPostprocessing = 0;
		};
/* End PBXFrameworksBuildPhase section */

/* Begin PBXGroup section */
		57F3637723045C5A00B00314 = {
			isa = PBXGroup;
			children = (
				57F3638223045C5A00B00314 /* DynamicAR */,
				57F3638123045C5A00B00314 /* Products */,
			);
			sourceTree = "<group>";
		};
		57F3638123045C5A00B00314 /* Products */ = {
			isa = PBXGroup;
			children = (
				57F3638023045C5A00B00314 /* DynamicAR.app */,
			);
			name = Products;
			sourceTree = "<group>";
		};
		57F3638223045C5A00B00314 /* DynamicAR */ = {
			isa = PBXGroup;
			children = (
				57760D9D2304BC48006144CF /* DynamicAR.entitlements */,
				57F3638323045C5A00B00314 /* AppDelegate.swift */,
				57F3638523045C5A00B00314 /* Experience.rcproject */,
				57F3638723045C5A00B00314 /* ContentView.swift */,
				57F3638923045C5C00B00314 /* Assets.xcassets */,
				57F3638E23045C5C00B00314 /* LaunchScreen.storyboard */,
				57F3639123045C5C00B00314 /* Info.plist */,
				57F3638B23045C5C00B00314 /* Preview Content */,
			);
			path = DynamicAR;
			sourceTree = "<group>";
		};
		57F3638B23045C5C00B00314 /* Preview Content */ = {
			isa = PBXGroup;
			children = (
				57F3638C23045C5C00B00314 /* Preview Assets.xcassets */,
			);
			path = "Preview Content";
			sourceTree = "<group>";
		};
/* End PBXGroup section */

/* Begin PBXNativeTarget section */
		57F3637F23045C5A00B00314 /* DynamicAR */ = {
			isa = PBXNativeTarget;
			buildConfigurationList = 57F3639423045C5C00B00314 /* Build configuration list for PBXNativeTarget "DynamicAR" */;
			buildPhases = (
				57F3637C23045C5A00B00314 /* Sources */,
				57F3637D23045C5A00B00314 /* Frameworks */,
				57F3637E23045C5A00B00314 /* Resources */,
			);
			buildRules = (
			);
			dependencies = (
			);
			name = DynamicAR;
			productName = DynamicAR;
			productReference = 57F3638023045C5A00B00314 /* DynamicAR.app */;
			productType = "com.apple.product-type.application";
		};
/* End PBXNativeTarget section */

/* Begin PBXProject section */
		57F3637823045C5A00B00314 /* Project object */ = {
			isa = PBXProject;
			attributes = {
				LastSwiftUpdateCheck = 1100;
				LastUpgradeCheck = 1100;
				ORGANIZATIONNAME = aKANJ;
				TargetAttributes = {
					57F3637F23045C5A00B00314 = {
						CreatedOnToolsVersion = 11.0;
					};
				};
			};
			buildConfigurationList = 57F3637B23045C5A00B00314 /* Build configuration list for PBXProject "DynamicAR" */;
			compatibilityVersion = "Xcode 9.3";
			developmentRegion = en;
			hasScannedForEncodings = 0;
			knownRegions = (
				en,
				Base,
			);
			mainGroup = 57F3637723045C5A00B00314;
			productRefGroup = 57F3638123045C5A00B00314 /* Products */;
			projectDirPath = "";
			projectRoot = "";
			targets = (
				57F3637F23045C5A00B00314 /* DynamicAR */,
			);
		};
/* End PBXProject section */

/* Begin PBXResourcesBuildPhase section */
		57F3637E23045C5A00B00314 /* Resources */ = {
			isa = PBXResourcesBuildPhase;
			buildActionMask = 2147483647;
			files = (
				57F3639023045C5C00B00314 /* LaunchScreen.storyboard in Resources */,
				57F3638D23045C5C00B00314 /* Preview Assets.xcassets in Resources */,
				57F3638A23045C5C00B00314 /* Assets.xcassets in Resources */,
			);
			runOnlyForDeploymentPostprocessing = 0;
		};
/* End PBXResourcesBuildPhase section */

/* Begin PBXSourcesBuildPhase section */
		57F3637C23045C5A00B00314 /* Sources */ = {
			isa = PBXSourcesBuildPhase;
			buildActionMask = 2147483647;
			files = (
				57F3638623045C5A00B00314 /* Experience.rcproject in Sources */,
				57F3638423045C5A00B00314 /* AppDelegate.swift in Sources */,
				57F3638823045C5A00B00314 /* ContentView.swift in Sources */,
			);
			runOnlyForDeploymentPostprocessing = 0;
		};
/* End PBXSourcesBuildPhase section */

/* Begin PBXVariantGroup section */
		57F3638E23045C5C00B00314 /* LaunchScreen.storyboard */ = {
			isa = PBXVariantGroup;
			children = (
				57F3638F23045C5C00B00314 /* Base */,
			);
			name = LaunchScreen.storyboard;
			sourceTree = "<group>";
		};
/* End PBXVariantGroup section */

/* Begin XCBuildConfiguration section */
		57F3639223045C5C00B00314 /* Debug */ = {
			isa = XCBuildConfiguration;
			buildSettings = {
				ALWAYS_SEARCH_USER_PATHS = NO;
				CLANG_ANALYZER_NONNULL = YES;
				CLANG_ANALYZER_NUMBER_OBJECT_CONVERSION = YES_AGGRESSIVE;
				CLANG_CXX_LANGUAGE_STANDARD = "gnu++14";
				CLANG_CXX_LIBRARY = "libc++";
				CLANG_ENABLE_MODULES = YES;
				CLANG_ENABLE_OBJC_ARC = YES;
				CLANG_ENABLE_OBJC_WEAK = YES;
				CLANG_WARN_BLOCK_CAPTURE_AUTORELEASING = YES;
				CLANG_WARN_BOOL_CONVERSION = YES;
				CLANG_WARN_COMMA = YES;
				CLANG_WARN_CONSTANT_CONVERSION = YES;
				CLANG_WARN_DEPRECATED_OBJC_IMPLEMENTATIONS = YES;
				CLANG_WARN_DIRECT_OBJC_ISA_USAGE = YES_ERROR;
				CLANG_WARN_DOCUMENTATION_COMMENTS = YES;
				CLANG_WARN_EMPTY_BODY = YES;
				CLANG_WARN_ENUM_CONVERSION = YES;
				CLANG_WARN_INFINITE_RECURSION = YES;
				CLANG_WARN_INT_CONVERSION = YES;
				CLANG_WARN_NON_LITERAL_NULL_CONVERSION = YES;
				CLANG_WARN_OBJC_IMPLICIT_RETAIN_SELF = YES;
				CLANG_WARN_OBJC_LITERAL_CONVERSION = YES;
				CLANG_WARN_OBJC_ROOT_CLASS = YES_ERROR;
				CLANG_WARN_RANGE_LOOP_ANALYSIS = YES;
				CLANG_WARN_STRICT_PROTOTYPES = YES;
				CLANG_WARN_SUSPICIOUS_MOVE = YES;
				CLANG_WARN_UNGUARDED_AVAILABILITY = YES_AGGRESSIVE;
				CLANG_WARN_UNREACHABLE_CODE = YES;
				CLANG_WARN__DUPLICATE_METHOD_MATCH = YES;
				COPY_PHASE_STRIP = NO;
				DEBUG_INFORMATION_FORMAT = dwarf;
				ENABLE_STRICT_OBJC_MSGSEND = YES;
				ENABLE_TESTABILITY = YES;
				GCC_C_LANGUAGE_STANDARD = gnu11;
				GCC_DYNAMIC_NO_PIC = NO;
				GCC_NO_COMMON_BLOCKS = YES;
				GCC_OPTIMIZATION_LEVEL = 0;
				GCC_PREPROCESSOR_DEFINITIONS = (
					"DEBUG=1",
					"$(inherited)",
				);
				GCC_WARN_64_TO_32_BIT_CONVERSION = YES;
				GCC_WARN_ABOUT_RETURN_TYPE = YES_ERROR;
				GCC_WARN_UNDECLARED_SELECTOR = YES;
				GCC_WARN_UNINITIALIZED_AUTOS = YES_AGGRESSIVE;
				GCC_WARN_UNUSED_FUNCTION = YES;
				GCC_WARN_UNUSED_VARIABLE = YES;
				IPHONEOS_DEPLOYMENT_TARGET = 13.0;
				MTL_ENABLE_DEBUG_INFO = INCLUDE_SOURCE;
				MTL_FAST_MATH = YES;
				ONLY_ACTIVE_ARCH = YES;
				SDKROOT = iphoneos;
				SWIFT_ACTIVE_COMPILATION_CONDITIONS = DEBUG;
				SWIFT_OPTIMIZATION_LEVEL = "-Onone";
			};
			name = Debug;
		};
		57F3639323045C5C00B00314 /* Release */ = {
			isa = XCBuildConfiguration;
			buildSettings = {
				ALWAYS_SEARCH_USER_PATHS = NO;
				CLANG_ANALYZER_NONNULL = YES;
				CLANG_ANALYZER_NUMBER_OBJECT_CONVERSION = YES_AGGRESSIVE;
				CLANG_CXX_LANGUAGE_STANDARD = "gnu++14";
				CLANG_CXX_LIBRARY = "libc++";
				CLANG_ENABLE_MODULES = YES;
				CLANG_ENABLE_OBJC_ARC = YES;
				CLANG_ENABLE_OBJC_WEAK = YES;
				CLANG_WARN_BLOCK_CAPTURE_AUTORELEASING = YES;
				CLANG_WARN_BOOL_CONVERSION = YES;
				CLANG_WARN_COMMA = YES;
				CLANG_WARN_CONSTANT_CONVERSION = YES;
				CLANG_WARN_DEPRECATED_OBJC_IMPLEMENTATIONS = YES;
				CLANG_WARN_DIRECT_OBJC_ISA_USAGE = YES_ERROR;
				CLANG_WARN_DOCUMENTATION_COMMENTS = YES;
				CLANG_WARN_EMPTY_BODY = YES;
				CLANG_WARN_ENUM_CONVERSION = YES;
				CLANG_WARN_INFINITE_RECURSION = YES;
				CLANG_WARN_INT_CONVERSION = YES;
				CLANG_WARN_NON_LITERAL_NULL_CONVERSION = YES;
				CLANG_WARN_OBJC_IMPLICIT_RETAIN_SELF = YES;
				CLANG_WARN_OBJC_LITERAL_CONVERSION = YES;
				CLANG_WARN_OBJC_ROOT_CLASS = YES_ERROR;
				CLANG_WARN_RANGE_LOOP_ANALYSIS = YES;
				CLANG_WARN_STRICT_PROTOTYPES = YES;
				CLANG_WARN_SUSPICIOUS_MOVE = YES;
				CLANG_WARN_UNGUARDED_AVAILABILITY = YES_AGGRESSIVE;
				CLANG_WARN_UNREACHABLE_CODE = YES;
				CLANG_WARN__DUPLICATE_METHOD_MATCH = YES;
				COPY_PHASE_STRIP = NO;
				DEBUG_INFORMATION_FORMAT = "dwarf-with-dsym";
				ENABLE_NS_ASSERTIONS = NO;
				ENABLE_STRICT_OBJC_MSGSEND = YES;
				GCC_C_LANGUAGE_STANDARD = gnu11;
				GCC_NO_COMMON_BLOCKS = YES;
				GCC_WARN_64_TO_32_BIT_CONVERSION = YES;
				GCC_WARN_ABOUT_RETURN_TYPE = YES_ERROR;
				GCC_WARN_UNDECLARED_SELECTOR = YES;
				GCC_WARN_UNINITIALIZED_AUTOS = YES_AGGRESSIVE;
				GCC_WARN_UNUSED_FUNCTION = YES;
				GCC_WARN_UNUSED_VARIABLE = YES;
				IPHONEOS_DEPLOYMENT_TARGET = 13.0;
				MTL_ENABLE_DEBUG_INFO = NO;
				MTL_FAST_MATH = YES;
				SDKROOT = iphoneos;
				SWIFT_COMPILATION_MODE = wholemodule;
				SWIFT_OPTIMIZATION_LEVEL = "-O";
				VALIDATE_PRODUCT = YES;
			};
			name = Release;
		};
		57F3639523045C5C00B00314 /* Debug */ = {
			isa = XCBuildConfiguration;
			buildSettings = {
				ASSETCATALOG_COMPILER_APPICON_NAME = AppIcon;
				CODE_SIGN_ENTITLEMENTS = DynamicAR/DynamicAR.entitlements;
				CODE_SIGN_STYLE = Automatic;
				DEVELOPMENT_ASSET_PATHS = "DynamicAR/Preview\\ Content";
				DEVELOPMENT_TEAM = 6F983ZW9E9;
				ENABLE_PREVIEWS = YES;
				INFOPLIST_FILE = DynamicAR/Info.plist;
				LD_RUNPATH_SEARCH_PATHS = (
					"$(inherited)",
					"@executable_path/Frameworks",
				);
				PRODUCT_BUNDLE_IDENTIFIER = com.aKANJ.DynamicAR;
				PRODUCT_NAME = "$(TARGET_NAME)";
				SWIFT_VERSION = 5.0;
				TARGETED_DEVICE_FAMILY = "1,2";
			};
			name = Debug;
		};
		57F3639623045C5C00B00314 /* Release */ = {
			isa = XCBuildConfiguration;
			buildSettings = {
				ASSETCATALOG_COMPILER_APPICON_NAME = AppIcon;
				CODE_SIGN_ENTITLEMENTS = DynamicAR/DynamicAR.entitlements;
				CODE_SIGN_STYLE = Automatic;
				DEVELOPMENT_ASSET_PATHS = "DynamicAR/Preview\\ Content";
				DEVELOPMENT_TEAM = 6F983ZW9E9;
				ENABLE_PREVIEWS = YES;
				INFOPLIST_FILE = DynamicAR/Info.plist;
				LD_RUNPATH_SEARCH_PATHS = (
					"$(inherited)",
					"@executable_path/Frameworks",
				);
				PRODUCT_BUNDLE_IDENTIFIER = com.aKANJ.DynamicAR;
				PRODUCT_NAME = "$(TARGET_NAME)";
				SWIFT_VERSION = 5.0;
				TARGETED_DEVICE_FAMILY = "1,2";
			};
			name = Release;
		};
/* End XCBuildConfiguration section */

/* Begin XCConfigurationList section */
		57F3637B23045C5A00B00314 /* Build configuration list for PBXProject "DynamicAR" */ = {
			isa = XCConfigurationList;
			buildConfigurations = (
				57F3639223045C5C00B00314 /* Debug */,
				57F3639323045C5C00B00314 /* Release */,
			);
			defaultConfigurationIsVisible = 0;
			defaultConfigurationName = Release;
		};
		57F3639423045C5C00B00314 /* Build configuration list for PBXNativeTarget "DynamicAR" */ = {
			isa = XCConfigurationList;
			buildConfigurations = (
				57F3639523045C5C00B00314 /* Debug */,
				57F3639623045C5C00B00314 /* Release */,
			);
			defaultConfigurationIsVisible = 0;
			defaultConfigurationName = Release;
		};
/* End XCConfigurationList section */
	};
	rootObject = 57F3637823045C5A00B00314 /* Project object */;
}
